
Microsoft Visual Studio Solution File, Format Version 12.00
# Visual Studio 2013
VisualStudioVersion = 12.0.40629.0
MinimumVisualStudioVersion = 10.0.40219.1
Project("{FAE04EC0-301F-11D3-BF4B-00C04F79EFBC}") = "UnitTests", "UnitTests\UnitTests.csproj", "{E1E42A3E-46F3-49AA-B841-99DB64091161}"
EndProject
Project("{FAE04EC0-301F-11D3-BF4B-00C04F79EFBC}") = "WpfUI", "WpfUI\WpfUI.csproj", "{F4418551-6377-4013-A51C-C72484E250F0}"
	ProjectSection(ProjectDependencies) = postProject
		{9C064657-1E65-4E76-B0AA-5DCBDFB62CD2} = {9C064657-1E65-4E76-B0AA-5DCBDFB62CD2}
	EndProjectSection
EndProject
Project("{FAE04EC0-301F-11D3-BF4B-00C04F79EFBC}") = "ConsoleUI", "ConsoleUI\ConsoleUI.csproj", "{55BC61C3-9C36-4802-94C8-3989EDA34669}"
	ProjectSection(ProjectDependencies) = postProject
		{9C064657-1E65-4E76-B0AA-5DCBDFB62CD2} = {9C064657-1E65-4E76-B0AA-5DCBDFB62CD2}
	EndProjectSection
EndProject
Project("{FAE04EC0-301F-11D3-BF4B-00C04F79EFBC}") = "BoardGames", "BoardGame\BoardGames.csproj", "{9C064657-1E65-4E76-B0AA-5DCBDFB62CD2}"
EndProject
Global
	GlobalSection(SolutionConfigurationPlatforms) = preSolution
		Debug|Any CPU = Debug|Any CPU
		Release|Any CPU = Release|Any CPU
	EndGlobalSection
	GlobalSection(ProjectConfigurationPlatforms) = postSolution
		{E1E42A3E-46F3-49AA-B841-99DB64091161}.Debug|Any CPU.ActiveCfg = Debug|Any CPU
		{E1E42A3E-46F3-49AA-B841-99DB64091161}.Debug|Any CPU.Build.0 = Debug|Any CPU
		{E1E42A3E-46F3-49AA-B841-99DB64091161}.Release|Any CPU.ActiveCfg = Release|Any CPU
		{E1E42A3E-46F3-49AA-B841-99DB64091161}.Release|Any CPU.Build.0 = Release|Any CPU
		{F4418551-6377-4013-A51C-C72484E250F0}.Debug|Any CPU.ActiveCfg = Debug|Any CPU
		{F4418551-6377-4013-A51C-C72484E250F0}.Debug|Any CPU.Build.0 = Debug|Any CPU
		{F4418551-6377-4013-A51C-C72484E250F0}.Release|Any CPU.ActiveCfg = Release|Any CPU
		{F4418551-6377-4013-A51C-C72484E250F0}.Release|Any CPU.Build.0 = Release|Any CPU
		{55BC61C3-9C36-4802-94C8-3989EDA34669}.Debug|Any CPU.ActiveCfg = Debug|Any CPU
		{55BC61C3-9C36-4802-94C8-3989EDA34669}.Debug|Any CPU.Build.0 = Debug|Any CPU
		{55BC61C3-9C36-4802-94C8-3989EDA34669}.Release|Any CPU.ActiveCfg = Release|Any CPU
		{55BC61C3-9C36-4802-94C8-3989EDA34669}.Release|Any CPU.Build.0 = Release|Any CPU
		{9C064657-1E65-4E76-B0AA-5DCBDFB62CD2}.Debug|Any CPU.ActiveCfg = Debug|Any CPU
		{9C064657-1E65-4E76-B0AA-5DCBDFB62CD2}.Debug|Any CPU.Build.0 = Debug|Any CPU
		{9C064657-1E65-4E76-B0AA-5DCBDFB62CD2}.Release|Any CPU.ActiveCfg = Release|Any CPU
		{9C064657-1E65-4E76-B0AA-5DCBDFB62CD2}.Release|Any CPU.Build.0 = Release|Any CPU
	EndGlobalSection
	GlobalSection(SolutionProperties) = preSolution
		HideSolutionNode = FALSE
	EndGlobalSection
EndGlobal
